// !$*UTF8*$!
{
	archiveVersion = 1;
	classes = {
	};
	objectVersion = 55;
	objects = {

/* Begin PBXBuildFile section */
		01A55C21276B6C6B0029CD67 /* AppDelegate.swift in Sources */ = {isa = PBXBuildFile; fileRef = 01A55C20276B6C6B0029CD67 /* AppDelegate.swift */; };
		01A55C23276B6C6B0029CD67 /* SceneDelegate.swift in Sources */ = {isa = PBXBuildFile; fileRef = 01A55C22276B6C6B0029CD67 /* SceneDelegate.swift */; };
		01A55C25276B6C6B0029CD67 /* ViewController.swift in Sources */ = {isa = PBXBuildFile; fileRef = 01A55C24276B6C6B0029CD67 /* ViewController.swift */; };
		01A55C28276B6C6B0029CD67 /* Main.storyboard in Resources */ = {isa = PBXBuildFile; fileRef = 01A55C26276B6C6B0029CD67 /* Main.storyboard */; };
		01A55C2B276B6C6B0029CD67 /* WhatFlower.xcdatamodeld in Sources */ = {isa = PBXBuildFile; fileRef = 01A55C29276B6C6B0029CD67 /* WhatFlower.xcdatamodeld */; };
		01A55C2D276B6C6D0029CD67 /* Assets.xcassets in Resources */ = {isa = PBXBuildFile; fileRef = 01A55C2C276B6C6D0029CD67 /* Assets.xcassets */; };
		01A55C30276B6C6D0029CD67 /* LaunchScreen.storyboard in Resources */ = {isa = PBXBuildFile; fileRef = 01A55C2E276B6C6D0029CD67 /* LaunchScreen.storyboard */; };
		01A55C3B276B6C6D0029CD67 /* WhatFlowerTests.swift in Sources */ = {isa = PBXBuildFile; fileRef = 01A55C3A276B6C6D0029CD67 /* WhatFlowerTests.swift */; };
		01A55C45276B6C6D0029CD67 /* WhatFlowerUITests.swift in Sources */ = {isa = PBXBuildFile; fileRef = 01A55C44276B6C6D0029CD67 /* WhatFlowerUITests.swift */; };
		01A55C47276B6C6D0029CD67 /* WhatFlowerUITestsLaunchTests.swift in Sources */ = {isa = PBXBuildFile; fileRef = 01A55C46276B6C6D0029CD67 /* WhatFlowerUITestsLaunchTests.swift */; };
		01A55C54276B6CC70029CD67 /* FlowerClassifier.mlmodel in Sources */ = {isa = PBXBuildFile; fileRef = 01A55C53276B6CC70029CD67 /* FlowerClassifier.mlmodel */; };
		01D644EC277B55C8000B27B5 /* WikipediaManager.swift in Sources */ = {isa = PBXBuildFile; fileRef = 01D644EB277B55C8000B27B5 /* WikipediaManager.swift */; };
		01D644EE2781DE68000B27B5 /* WikipediaModel.swift in Sources */ = {isa = PBXBuildFile; fileRef = 01D644ED2781DE68000B27B5 /* WikipediaModel.swift */; };
		01D644F02781E6A7000B27B5 /* WikipediaData.swift in Sources */ = {isa = PBXBuildFile; fileRef = 01D644EF2781E6A7000B27B5 /* WikipediaData.swift */; };
/* End PBXBuildFile section */

/* Begin PBXContainerItemProxy section */
		01A55C37276B6C6D0029CD67 /* PBXContainerItemProxy */ = {
			isa = PBXContainerItemProxy;
			containerPortal = 01A55C15276B6C6B0029CD67 /* Project object */;
			proxyType = 1;
			remoteGlobalIDString = 01A55C1C276B6C6B0029CD67;
			remoteInfo = WhatFlower;
		};
		01A55C41276B6C6D0029CD67 /* PBXContainerItemProxy */ = {
			isa = PBXContainerItemProxy;
			containerPortal = 01A55C15276B6C6B0029CD67 /* Project object */;
			proxyType = 1;
			remoteGlobalIDString = 01A55C1C276B6C6B0029CD67;
			remoteInfo = WhatFlower;
		};
/* End PBXContainerItemProxy section */

/* Begin PBXFileReference section */
		01A55C1D276B6C6B0029CD67 /* WhatFlower.app */ = {isa = PBXFileReference; explicitFileType = wrapper.application; includeInIndex = 0; path = WhatFlower.app; sourceTree = BUILT_PRODUCTS_DIR; };
		01A55C20276B6C6B0029CD67 /* AppDelegate.swift */ = {isa = PBXFileReference; lastKnownFileType = sourcecode.swift; path = AppDelegate.swift; sourceTree = "<group>"; };
		01A55C22276B6C6B0029CD67 /* SceneDelegate.swift */ = {isa = PBXFileReference; lastKnownFileType = sourcecode.swift; path = SceneDelegate.swift; sourceTree = "<group>"; };
		01A55C24276B6C6B0029CD67 /* ViewController.swift */ = {isa = PBXFileReference; lastKnownFileType = sourcecode.swift; path = ViewController.swift; sourceTree = "<group>"; };
		01A55C27276B6C6B0029CD67 /* Base */ = {isa = PBXFileReference; lastKnownFileType = file.storyboard; name = Base; path = Base.lproj/Main.storyboard; sourceTree = "<group>"; };
		01A55C2A276B6C6B0029CD67 /* WhatFlower.xcdatamodel */ = {isa = PBXFileReference; lastKnownFileType = wrapper.xcdatamodel; path = WhatFlower.xcdatamodel; sourceTree = "<group>"; };
		01A55C2C276B6C6D0029CD67 /* Assets.xcassets */ = {isa = PBXFileReference; lastKnownFileType = folder.assetcatalog; path = Assets.xcassets; sourceTree = "<group>"; };
		01A55C2F276B6C6D0029CD67 /* Base */ = {isa = PBXFileReference; lastKnownFileType = file.storyboard; name = Base; path = Base.lproj/LaunchScreen.storyboard; sourceTree = "<group>"; };
		01A55C31276B6C6D0029CD67 /* Info.plist */ = {isa = PBXFileReference; lastKnownFileType = text.plist.xml; path = Info.plist; sourceTree = "<group>"; };
		01A55C36276B6C6D0029CD67 /* WhatFlowerTests.xctest */ = {isa = PBXFileReference; explicitFileType = wrapper.cfbundle; includeInIndex = 0; path = WhatFlowerTests.xctest; sourceTree = BUILT_PRODUCTS_DIR; };
		01A55C3A276B6C6D0029CD67 /* WhatFlowerTests.swift */ = {isa = PBXFileReference; lastKnownFileType = sourcecode.swift; path = WhatFlowerTests.swift; sourceTree = "<group>"; };
		01A55C40276B6C6D0029CD67 /* WhatFlowerUITests.xctest */ = {isa = PBXFileReference; explicitFileType = wrapper.cfbundle; includeInIndex = 0; path = WhatFlowerUITests.xctest; sourceTree = BUILT_PRODUCTS_DIR; };
		01A55C44276B6C6D0029CD67 /* WhatFlowerUITests.swift */ = {isa = PBXFileReference; lastKnownFileType = sourcecode.swift; path = WhatFlowerUITests.swift; sourceTree = "<group>"; };
		01A55C46276B6C6D0029CD67 /* WhatFlowerUITestsLaunchTests.swift */ = {isa = PBXFileReference; lastKnownFileType = sourcecode.swift; path = WhatFlowerUITestsLaunchTests.swift; sourceTree = "<group>"; };
		01A55C53276B6CC70029CD67 /* FlowerClassifier.mlmodel */ = {isa = PBXFileReference; lastKnownFileType = file.mlmodel; path = FlowerClassifier.mlmodel; sourceTree = "<group>"; };
		01D644E7277893D8000B27B5 /* en */ = {isa = PBXFileReference; lastKnownFileType = text.plist.strings; name = en; path = en.lproj/Main.strings; sourceTree = "<group>"; };
		01D644EB277B55C8000B27B5 /* WikipediaManager.swift */ = {isa = PBXFileReference; lastKnownFileType = sourcecode.swift; path = WikipediaManager.swift; sourceTree = "<group>"; };
		01D644ED2781DE68000B27B5 /* WikipediaModel.swift */ = {isa = PBXFileReference; lastKnownFileType = sourcecode.swift; path = WikipediaModel.swift; sourceTree = "<group>"; };
		01D644EF2781E6A7000B27B5 /* WikipediaData.swift */ = {isa = PBXFileReference; lastKnownFileType = sourcecode.swift; path = WikipediaData.swift; sourceTree = "<group>"; };
/* End PBXFileReference section */

/* Begin PBXFrameworksBuildPhase section */
		01A55C1A276B6C6B0029CD67 /* Frameworks */ = {
			isa = PBXFrameworksBuildPhase;
			buildActionMask = 2147483647;
			files = (
			);
			runOnlyForDeploymentPostprocessing = 0;
		};
		01A55C33276B6C6D0029CD67 /* Frameworks */ = {
			isa = PBXFrameworksBuildPhase;
			buildActionMask = 2147483647;
			files = (
			);
			runOnlyForDeploymentPostprocessing = 0;
		};
		01A55C3D276B6C6D0029CD67 /* Frameworks */ = {
			isa = PBXFrameworksBuildPhase;
			buildActionMask = 2147483647;
			files = (
			);
			runOnlyForDeploymentPostprocessing = 0;
		};
/* End PBXFrameworksBuildPhase section */

/* Begin PBXGroup section */
		01A55C14276B6C6B0029CD67 = {
			isa = PBXGroup;
			children = (
				01A55C1F276B6C6B0029CD67 /* WhatFlower */,
				01A55C39276B6C6D0029CD67 /* WhatFlowerTests */,
				01A55C43276B6C6D0029CD67 /* WhatFlowerUITests */,
				01A55C1E276B6C6B0029CD67 /* Products */,
			);
			sourceTree = "<group>";
		};
		01A55C1E276B6C6B0029CD67 /* Products */ = {
			isa = PBXGroup;
			children = (
				01A55C1D276B6C6B0029CD67 /* WhatFlower.app */,
				01A55C36276B6C6D0029CD67 /* WhatFlowerTests.xctest */,
				01A55C40276B6C6D0029CD67 /* WhatFlowerUITests.xctest */,
			);
			name = Products;
			sourceTree = "<group>";
		};
		01A55C1F276B6C6B0029CD67 /* WhatFlower */ = {
			isa = PBXGroup;
			children = (
				01A55C20276B6C6B0029CD67 /* AppDelegate.swift */,
				01A55C22276B6C6B0029CD67 /* SceneDelegate.swift */,
				01D644E9277B557D000B27B5 /* Model */,
				01D644EA277B5587000B27B5 /* View */,
				01D644E8277B556E000B27B5 /* Controller */,
				01A55C2C276B6C6D0029CD67 /* Assets.xcassets */,
				01A55C2E276B6C6D0029CD67 /* LaunchScreen.storyboard */,
				01A55C31276B6C6D0029CD67 /* Info.plist */,
				01A55C29276B6C6B0029CD67 /* WhatFlower.xcdatamodeld */,
				01A55C53276B6CC70029CD67 /* FlowerClassifier.mlmodel */,
			);
			path = WhatFlower;
			sourceTree = "<group>";
		};
		01A55C39276B6C6D0029CD67 /* WhatFlowerTests */ = {
			isa = PBXGroup;
			children = (
				01A55C3A276B6C6D0029CD67 /* WhatFlowerTests.swift */,
			);
			path = WhatFlowerTests;
			sourceTree = "<group>";
		};
		01A55C43276B6C6D0029CD67 /* WhatFlowerUITests */ = {
			isa = PBXGroup;
			children = (
				01A55C44276B6C6D0029CD67 /* WhatFlowerUITests.swift */,
				01A55C46276B6C6D0029CD67 /* WhatFlowerUITestsLaunchTests.swift */,
			);
			path = WhatFlowerUITests;
			sourceTree = "<group>";
		};
		01D644E8277B556E000B27B5 /* Controller */ = {
			isa = PBXGroup;
			children = (
				01A55C24276B6C6B0029CD67 /* ViewController.swift */,
			);
			path = Controller;
			sourceTree = "<group>";
		};
		01D644E9277B557D000B27B5 /* Model */ = {
			isa = PBXGroup;
			children = (
				01D644EB277B55C8000B27B5 /* WikipediaManager.swift */,
				01D644EF2781E6A7000B27B5 /* WikipediaData.swift */,
				01D644ED2781DE68000B27B5 /* WikipediaModel.swift */,
			);
			path = Model;
			sourceTree = "<group>";
		};
		01D644EA277B5587000B27B5 /* View */ = {
			isa = PBXGroup;
			children = (
				01A55C26276B6C6B0029CD67 /* Main.storyboard */,
			);
			path = View;
			sourceTree = "<group>";
		};
/* End PBXGroup section */

/* Begin PBXNativeTarget section */
		01A55C1C276B6C6B0029CD67 /* WhatFlower */ = {
			isa = PBXNativeTarget;
			buildConfigurationList = 01A55C4A276B6C6D0029CD67 /* Build configuration list for PBXNativeTarget "WhatFlower" */;
			buildPhases = (
				01A55C19276B6C6B0029CD67 /* Sources */,
				01A55C1A276B6C6B0029CD67 /* Frameworks */,
				01A55C1B276B6C6B0029CD67 /* Resources */,
			);
			buildRules = (
			);
			dependencies = (
			);
			name = WhatFlower;
			productName = WhatFlower;
			productReference = 01A55C1D276B6C6B0029CD67 /* WhatFlower.app */;
			productType = "com.apple.product-type.application";
		};
		01A55C35276B6C6D0029CD67 /* WhatFlowerTests */ = {
			isa = PBXNativeTarget;
			buildConfigurationList = 01A55C4D276B6C6D0029CD67 /* Build configuration list for PBXNativeTarget "WhatFlowerTests" */;
			buildPhases = (
				01A55C32276B6C6D0029CD67 /* Sources */,
				01A55C33276B6C6D0029CD67 /* Frameworks */,
				01A55C34276B6C6D0029CD67 /* Resources */,
			);
			buildRules = (
			);
			dependencies = (
				01A55C38276B6C6D0029CD67 /* PBXTargetDependency */,
			);
			name = WhatFlowerTests;
			productName = WhatFlowerTests;
			productReference = 01A55C36276B6C6D0029CD67 /* WhatFlowerTests.xctest */;
			productType = "com.apple.product-type.bundle.unit-test";
		};
		01A55C3F276B6C6D0029CD67 /* WhatFlowerUITests */ = {
			isa = PBXNativeTarget;
			buildConfigurationList = 01A55C50276B6C6D0029CD67 /* Build configuration list for PBXNativeTarget "WhatFlowerUITests" */;
			buildPhases = (
				01A55C3C276B6C6D0029CD67 /* Sources */,
				01A55C3D276B6C6D0029CD67 /* Frameworks */,
				01A55C3E276B6C6D0029CD67 /* Resources */,
			);
			buildRules = (
			);
			dependencies = (
				01A55C42276B6C6D0029CD67 /* PBXTargetDependency */,
			);
			name = WhatFlowerUITests;
			productName = WhatFlowerUITests;
			productReference = 01A55C40276B6C6D0029CD67 /* WhatFlowerUITests.xctest */;
			productType = "com.apple.product-type.bundle.ui-testing";
		};
/* End PBXNativeTarget section */

/* Begin PBXProject section */
		01A55C15276B6C6B0029CD67 /* Project object */ = {
			isa = PBXProject;
			attributes = {
				BuildIndependentTargetsInParallel = 1;
				LastSwiftUpdateCheck = 1310;
				LastUpgradeCheck = 1310;
				TargetAttributes = {
					01A55C1C276B6C6B0029CD67 = {
						CreatedOnToolsVersion = 13.1;
					};
					01A55C35276B6C6D0029CD67 = {
						CreatedOnToolsVersion = 13.1;
						TestTargetID = 01A55C1C276B6C6B0029CD67;
					};
					01A55C3F276B6C6D0029CD67 = {
						CreatedOnToolsVersion = 13.1;
						TestTargetID = 01A55C1C276B6C6B0029CD67;
					};
				};
			};
			buildConfigurationList = 01A55C18276B6C6B0029CD67 /* Build configuration list for PBXProject "WhatFlower" */;
			compatibilityVersion = "Xcode 13.0";
			developmentRegion = en;
			hasScannedForEncodings = 0;
			knownRegions = (
				en,
				Base,
			);
			mainGroup = 01A55C14276B6C6B0029CD67;
			productRefGroup = 01A55C1E276B6C6B0029CD67 /* Products */;
			projectDirPath = "";
			projectRoot = "";
			targets = (
				01A55C1C276B6C6B0029CD67 /* WhatFlower */,
				01A55C35276B6C6D0029CD67 /* WhatFlowerTests */,
				01A55C3F276B6C6D0029CD67 /* WhatFlowerUITests */,
			);
		};
/* End PBXProject section */

/* Begin PBXResourcesBuildPhase section */
		01A55C1B276B6C6B0029CD67 /* Resources */ = {
			isa = PBXResourcesBuildPhase;
			buildActionMask = 2147483647;
			files = (
				01A55C30276B6C6D0029CD67 /* LaunchScreen.storyboard in Resources */,
				01A55C2D276B6C6D0029CD67 /* Assets.xcassets in Resources */,
				01A55C28276B6C6B0029CD67 /* Main.storyboard in Resources */,
			);
			runOnlyForDeploymentPostprocessing = 0;
		};
		01A55C34276B6C6D0029CD67 /* Resources */ = {
			isa = PBXResourcesBuildPhase;
			buildActionMask = 2147483647;
			files = (
			);
			runOnlyForDeploymentPostprocessing = 0;
		};
		01A55C3E276B6C6D0029CD67 /* Resources */ = {
			isa = PBXResourcesBuildPhase;
			buildActionMask = 2147483647;
			files = (
			);
			runOnlyForDeploymentPostprocessing = 0;
		};
/* End PBXResourcesBuildPhase section */

/* Begin PBXSourcesBuildPhase section */
		01A55C19276B6C6B0029CD67 /* Sources */ = {
			isa = PBXSourcesBuildPhase;
			buildActionMask = 2147483647;
			files = (
				01A55C25276B6C6B0029CD67 /* ViewController.swift in Sources */,
				01A55C21276B6C6B0029CD67 /* AppDelegate.swift in Sources */,
				01A55C2B276B6C6B0029CD67 /* WhatFlower.xcdatamodeld in Sources */,
				01D644EE2781DE68000B27B5 /* WikipediaModel.swift in Sources */,
				01D644EC277B55C8000B27B5 /* WikipediaManager.swift in Sources */,
				01A55C54276B6CC70029CD67 /* FlowerClassifier.mlmodel in Sources */,
				01A55C23276B6C6B0029CD67 /* SceneDelegate.swift in Sources */,
				01D644F02781E6A7000B27B5 /* WikipediaData.swift in Sources */,
			);
			runOnlyForDeploymentPostprocessing = 0;
		};
		01A55C32276B6C6D0029CD67 /* Sources */ = {
			isa = PBXSourcesBuildPhase;
			buildActionMask = 2147483647;
			files = (
				01A55C3B276B6C6D0029CD67 /* WhatFlowerTests.swift in Sources */,
			);
			runOnlyForDeploymentPostprocessing = 0;
		};
		01A55C3C276B6C6D0029CD67 /* Sources */ = {
			isa = PBXSourcesBuildPhase;
			buildActionMask = 2147483647;
			files = (
				01A55C45276B6C6D0029CD67 /* WhatFlowerUITests.swift in Sources */,
				01A55C47276B6C6D0029CD67 /* WhatFlowerUITestsLaunchTests.swift in Sources */,
			);
			runOnlyForDeploymentPostprocessing = 0;
		};
/* End PBXSourcesBuildPhase section */

/* Begin PBXTargetDependency section */
		01A55C38276B6C6D0029CD67 /* PBXTargetDependency */ = {
			isa = PBXTargetDependency;
			target = 01A55C1C276B6C6B0029CD67 /* WhatFlower */;
			targetProxy = 01A55C37276B6C6D0029CD67 /* PBXContainerItemProxy */;
		};
		01A55C42276B6C6D0029CD67 /* PBXTargetDependency */ = {
			isa = PBXTargetDependency;
			target = 01A55C1C276B6C6B0029CD67 /* WhatFlower */;
			targetProxy = 01A55C41276B6C6D0029CD67 /* PBXContainerItemProxy */;
		};
/* End PBXTargetDependency section */

/* Begin PBXVariantGroup section */
		01A55C26276B6C6B0029CD67 /* Main.storyboard */ = {
			isa = PBXVariantGroup;
			children = (
				01A55C27276B6C6B0029CD67 /* Base */,
				01D644E7277893D8000B27B5 /* en */,
			);
			name = Main.storyboard;
			sourceTree = "<group>";
		};
		01A55C2E276B6C6D0029CD67 /* LaunchScreen.storyboard */ = {
			isa = PBXVariantGroup;
			children = (
				01A55C2F276B6C6D0029CD67 /* Base */,
			);
			name = LaunchScreen.storyboard;
			sourceTree = "<group>";
		};
/* End PBXVariantGroup section */

/* Begin XCBuildConfiguration section */
		01A55C48276B6C6D0029CD67 /* Debug */ = {
			isa = XCBuildConfiguration;
			buildSettings = {
				ALWAYS_SEARCH_USER_PATHS = NO;
				CLANG_ANALYZER_NONNULL = YES;
				CLANG_ANALYZER_NUMBER_OBJECT_CONVERSION = YES_AGGRESSIVE;
				CLANG_CXX_LANGUAGE_STANDARD = "gnu++17";
				CLANG_CXX_LIBRARY = "libc++";
				CLANG_ENABLE_MODULES = YES;
				CLANG_ENABLE_OBJC_ARC = YES;
				CLANG_ENABLE_OBJC_WEAK = YES;
				CLANG_WARN_BLOCK_CAPTURE_AUTORELEASING = YES;
				CLANG_WARN_BOOL_CONVERSION = YES;
				CLANG_WARN_COMMA = YES;
				CLANG_WARN_CONSTANT_CONVERSION = YES;
				CLANG_WARN_DEPRECATED_OBJC_IMPLEMENTATIONS = YES;
				CLANG_WARN_DIRECT_OBJC_ISA_USAGE = YES_ERROR;
				CLANG_WARN_DOCUMENTATION_COMMENTS = YES;
				CLANG_WARN_EMPTY_BODY = YES;
				CLANG_WARN_ENUM_CONVERSION = YES;
				CLANG_WARN_INFINITE_RECURSION = YES;
				CLANG_WARN_INT_CONVERSION = YES;
				CLANG_WARN_NON_LITERAL_NULL_CONVERSION = YES;
				CLANG_WARN_OBJC_IMPLICIT_RETAIN_SELF = YES;
				CLANG_WARN_OBJC_LITERAL_CONVERSION = YES;
				CLANG_WARN_OBJC_ROOT_CLASS = YES_ERROR;
				CLANG_WARN_QUOTED_INCLUDE_IN_FRAMEWORK_HEADER = YES;
				CLANG_WARN_RANGE_LOOP_ANALYSIS = YES;
				CLANG_WARN_STRICT_PROTOTYPES = YES;
				CLANG_WARN_SUSPICIOUS_MOVE = YES;
				CLANG_WARN_UNGUARDED_AVAILABILITY = YES_AGGRESSIVE;
				CLANG_WARN_UNREACHABLE_CODE = YES;
				CLANG_WARN__DUPLICATE_METHOD_MATCH = YES;
				COPY_PHASE_STRIP = NO;
				DEBUG_INFORMATION_FORMAT = dwarf;
				ENABLE_STRICT_OBJC_MSGSEND = YES;
				ENABLE_TESTABILITY = YES;
				GCC_C_LANGUAGE_STANDARD = gnu11;
				GCC_DYNAMIC_NO_PIC = NO;
				GCC_NO_COMMON_BLOCKS = YES;
				GCC_OPTIMIZATION_LEVEL = 0;
				GCC_PREPROCESSOR_DEFINITIONS = (
					"DEBUG=1",
					"$(inherited)",
				);
				GCC_WARN_64_TO_32_BIT_CONVERSION = YES;
				GCC_WARN_ABOUT_RETURN_TYPE = YES_ERROR;
				GCC_WARN_UNDECLARED_SELECTOR = YES;
				GCC_WARN_UNINITIALIZED_AUTOS = YES_AGGRESSIVE;
				GCC_WARN_UNUSED_FUNCTION = YES;
				GCC_WARN_UNUSED_VARIABLE = YES;
				IPHONEOS_DEPLOYMENT_TARGET = 15.0;
				MTL_ENABLE_DEBUG_INFO = INCLUDE_SOURCE;
				MTL_FAST_MATH = YES;
				ONLY_ACTIVE_ARCH = YES;
				SDKROOT = iphoneos;
				SWIFT_ACTIVE_COMPILATION_CONDITIONS = DEBUG;
				SWIFT_OPTIMIZATION_LEVEL = "-Onone";
			};
			name = Debug;
		};
		01A55C49276B6C6D0029CD67 /* Release */ = {
			isa = XCBuildConfiguration;
			buildSettings = {
				ALWAYS_SEARCH_USER_PATHS = NO;
				CLANG_ANALYZER_NONNULL = YES;
				CLANG_ANALYZER_NUMBER_OBJECT_CONVERSION = YES_AGGRESSIVE;
				CLANG_CXX_LANGUAGE_STANDARD = "gnu++17";
				CLANG_CXX_LIBRARY = "libc++";
				CLANG_ENABLE_MODULES = YES;
				CLANG_ENABLE_OBJC_ARC = YES;
				CLANG_ENABLE_OBJC_WEAK = YES;
				CLANG_WARN_BLOCK_CAPTURE_AUTORELEASING = YES;
				CLANG_WARN_BOOL_CONVERSION = YES;
				CLANG_WARN_COMMA = YES;
				CLANG_WARN_CONSTANT_CONVERSION = YES;
				CLANG_WARN_DEPRECATED_OBJC_IMPLEMENTATIONS = YES;
				CLANG_WARN_DIRECT_OBJC_ISA_USAGE = YES_ERROR;
				CLANG_WARN_DOCUMENTATION_COMMENTS = YES;
				CLANG_WARN_EMPTY_BODY = YES;
				CLANG_WARN_ENUM_CONVERSION = YES;
				CLANG_WARN_INFINITE_RECURSION = YES;
				CLANG_WARN_INT_CONVERSION = YES;
				CLANG_WARN_NON_LITERAL_NULL_CONVERSION = YES;
				CLANG_WARN_OBJC_IMPLICIT_RETAIN_SELF = YES;
				CLANG_WARN_OBJC_LITERAL_CONVERSION = YES;
				CLANG_WARN_OBJC_ROOT_CLASS = YES_ERROR;
				CLANG_WARN_QUOTED_INCLUDE_IN_FRAMEWORK_HEADER = YES;
				CLANG_WARN_RANGE_LOOP_ANALYSIS = YES;
				CLANG_WARN_STRICT_PROTOTYPES = YES;
				CLANG_WARN_SUSPICIOUS_MOVE = YES;
				CLANG_WARN_UNGUARDED_AVAILABILITY = YES_AGGRESSIVE;
				CLANG_WARN_UNREACHABLE_CODE = YES;
				CLANG_WARN__DUPLICATE_METHOD_MATCH = YES;
				COPY_PHASE_STRIP = NO;
				DEBUG_INFORMATION_FORMAT = "dwarf-with-dsym";
				ENABLE_NS_ASSERTIONS = NO;
				ENABLE_STRICT_OBJC_MSGSEND = YES;
				GCC_C_LANGUAGE_STANDARD = gnu11;
				GCC_NO_COMMON_BLOCKS = YES;
				GCC_WARN_64_TO_32_BIT_CONVERSION = YES;
				GCC_WARN_ABOUT_RETURN_TYPE = YES_ERROR;
				GCC_WARN_UNDECLARED_SELECTOR = YES;
				GCC_WARN_UNINITIALIZED_AUTOS = YES_AGGRESSIVE;
				GCC_WARN_UNUSED_FUNCTION = YES;
				GCC_WARN_UNUSED_VARIABLE = YES;
				IPHONEOS_DEPLOYMENT_TARGET = 15.0;
				MTL_ENABLE_DEBUG_INFO = NO;
				MTL_FAST_MATH = YES;
				SDKROOT = iphoneos;
				SWIFT_COMPILATION_MODE = wholemodule;
				SWIFT_OPTIMIZATION_LEVEL = "-O";
				VALIDATE_PRODUCT = YES;
			};
			name = Release;
		};
		01A55C4B276B6C6D0029CD67 /* Debug */ = {
			isa = XCBuildConfiguration;
			buildSettings = {
				ASSETCATALOG_COMPILER_APPICON_NAME = AppIcon;
				ASSETCATALOG_COMPILER_GLOBAL_ACCENT_COLOR_NAME = AccentColor;
				CODE_SIGN_STYLE = Automatic;
				CURRENT_PROJECT_VERSION = 1;
				DEVELOPMENT_TEAM = Q9N7VQ6CR2;
				GENERATE_INFOPLIST_FILE = YES;
				INFOPLIST_FILE = WhatFlower/Info.plist;
				INFOPLIST_KEY_NSCameraUsageDescription = "We need your camera";
				INFOPLIST_KEY_UIApplicationSupportsIndirectInputEvents = YES;
				INFOPLIST_KEY_UILaunchStoryboardName = LaunchScreen;
				INFOPLIST_KEY_UIMainStoryboardFile = Main;
				INFOPLIST_KEY_UISupportedInterfaceOrientations_iPad = "UIInterfaceOrientationPortrait UIInterfaceOrientationPortraitUpsideDown UIInterfaceOrientationLandscapeLeft UIInterfaceOrientationLandscapeRight";
				INFOPLIST_KEY_UISupportedInterfaceOrientations_iPhone = "UIInterfaceOrientationPortrait UIInterfaceOrientationLandscapeLeft UIInterfaceOrientationLandscapeRight";
				LD_RUNPATH_SEARCH_PATHS = (
					"$(inherited)",
					"@executable_path/Frameworks",
				);
				MARKETING_VERSION = 1.0;
				PRODUCT_BUNDLE_IDENTIFIER = co.shcheglovincorporated.WhatFlower;
				PRODUCT_NAME = "$(TARGET_NAME)";
				SWIFT_EMIT_LOC_STRINGS = YES;
				SWIFT_VERSION = 5.0;
				TARGETED_DEVICE_FAMILY = "1,2";
			};
			name = Debug;
		};
		01A55C4C276B6C6D0029CD67 /* Release */ = {
			isa = XCBuildConfiguration;
			buildSettings = {
				ASSETCATALOG_COMPILER_APPICON_NAME = AppIcon;
				ASSETCATALOG_COMPILER_GLOBAL_ACCENT_COLOR_NAME = AccentColor;
				CODE_SIGN_STYLE = Automatic;
				CURRENT_PROJECT_VERSION = 1;
				DEVELOPMENT_TEAM = Q9N7VQ6CR2;
				GENERATE_INFOPLIST_FILE = YES;
				INFOPLIST_FILE = WhatFlower/Info.plist;
				INFOPLIST_KEY_NSCameraUsageDescription = "We need your camera";
				INFOPLIST_KEY_UIApplicationSupportsIndirectInputEvents = YES;
				INFOPLIST_KEY_UILaunchStoryboardName = LaunchScreen;
				INFOPLIST_KEY_UIMainStoryboardFile = Main;
				INFOPLIST_KEY_UISupportedInterfaceOrientations_iPad = "UIInterfaceOrientationPortrait UIInterfaceOrientationPortraitUpsideDown UIInterfaceOrientationLandscapeLeft UIInterfaceOrientationLandscapeRight";
				INFOPLIST_KEY_UISupportedInterfaceOrientations_iPhone = "UIInterfaceOrientationPortrait UIInterfaceOrientationLandscapeLeft UIInterfaceOrientationLandscapeRight";
				LD_RUNPATH_SEARCH_PATHS = (
					"$(inherited)",
					"@executable_path/Frameworks",
				);
				MARKETING_VERSION = 1.0;
				PRODUCT_BUNDLE_IDENTIFIER = co.shcheglovincorporated.WhatFlower;
				PRODUCT_NAME = "$(TARGET_NAME)";
				SWIFT_EMIT_LOC_STRINGS = YES;
				SWIFT_VERSION = 5.0;
				TARGETED_DEVICE_FAMILY = "1,2";
			};
			name = Release;
		};
		01A55C4E276B6C6D0029CD67 /* Debug */ = {
			isa = XCBuildConfiguration;
			buildSettings = {
				ALWAYS_EMBED_SWIFT_STANDARD_LIBRARIES = YES;
				BUNDLE_LOADER = "$(TEST_HOST)";
				CODE_SIGN_STYLE = Automatic;
				CURRENT_PROJECT_VERSION = 1;
				DEVELOPMENT_TEAM = Q9N7VQ6CR2;
				GENERATE_INFOPLIST_FILE = YES;
				IPHONEOS_DEPLOYMENT_TARGET = 15.0;
				LD_RUNPATH_SEARCH_PATHS = (
					"$(inherited)",
					"@executable_path/Frameworks",
					"@loader_path/Frameworks",
				);
				MARKETING_VERSION = 1.0;
				PRODUCT_BUNDLE_IDENTIFIER = co.shcheglovincorporated.WhatFlowerTests;
				PRODUCT_NAME = "$(TARGET_NAME)";
				SWIFT_EMIT_LOC_STRINGS = NO;
				SWIFT_VERSION = 5.0;
				TARGETED_DEVICE_FAMILY = "1,2";
				TEST_HOST = "$(BUILT_PRODUCTS_DIR)/WhatFlower.app/WhatFlower";
			};
			name = Debug;
		};
		01A55C4F276B6C6D0029CD67 /* Release */ = {
			isa = XCBuildConfiguration;
			buildSettings = {
				ALWAYS_EMBED_SWIFT_STANDARD_LIBRARIES = YES;
				BUNDLE_LOADER = "$(TEST_HOST)";
				CODE_SIGN_STYLE = Automatic;
				CURRENT_PROJECT_VERSION = 1;
				DEVELOPMENT_TEAM = Q9N7VQ6CR2;
				GENERATE_INFOPLIST_FILE = YES;
				IPHONEOS_DEPLOYMENT_TARGET = 15.0;
				LD_RUNPATH_SEARCH_PATHS = (
					"$(inherited)",
					"@executable_path/Frameworks",
					"@loader_path/Frameworks",
				);
				MARKETING_VERSION = 1.0;
				PRODUCT_BUNDLE_IDENTIFIER = co.shcheglovincorporated.WhatFlowerTests;
				PRODUCT_NAME = "$(TARGET_NAME)";
				SWIFT_EMIT_LOC_STRINGS = NO;
				SWIFT_VERSION = 5.0;
				TARGETED_DEVICE_FAMILY = "1,2";
				TEST_HOST = "$(BUILT_PRODUCTS_DIR)/WhatFlower.app/WhatFlower";
			};
			name = Release;
		};
		01A55C51276B6C6D0029CD67 /* Debug */ = {
			isa = XCBuildConfiguration;
			buildSettings = {
				ALWAYS_EMBED_SWIFT_STANDARD_LIBRARIES = YES;
				CODE_SIGN_STYLE = Automatic;
				CURRENT_PROJECT_VERSION = 1;
				DEVELOPMENT_TEAM = Q9N7VQ6CR2;
				GENERATE_INFOPLIST_FILE = YES;
				LD_RUNPATH_SEARCH_PATHS = (
					"$(inherited)",
					"@executable_path/Frameworks",
					"@loader_path/Frameworks",
				);
				MARKETING_VERSION = 1.0;
				PRODUCT_BUNDLE_IDENTIFIER = co.shcheglovincorporated.WhatFlowerUITests;
				PRODUCT_NAME = "$(TARGET_NAME)";
				SWIFT_EMIT_LOC_STRINGS = NO;
				SWIFT_VERSION = 5.0;
				TARGETED_DEVICE_FAMILY = "1,2";
				TEST_TARGET_NAME = WhatFlower;
			};
			name = Debug;
		};
		01A55C52276B6C6D0029CD67 /* Release */ = {
			isa = XCBuildConfiguration;
			buildSettings = {
				ALWAYS_EMBED_SWIFT_STANDARD_LIBRARIES = YES;
				CODE_SIGN_STYLE = Automatic;
				CURRENT_PROJECT_VERSION = 1;
				DEVELOPMENT_TEAM = Q9N7VQ6CR2;
				GENERATE_INFOPLIST_FILE = YES;
				LD_RUNPATH_SEARCH_PATHS = (
					"$(inherited)",
					"@executable_path/Frameworks",
					"@loader_path/Frameworks",
				);
				MARKETING_VERSION = 1.0;
				PRODUCT_BUNDLE_IDENTIFIER = co.shcheglovincorporated.WhatFlowerUITests;
				PRODUCT_NAME = "$(TARGET_NAME)";
				SWIFT_EMIT_LOC_STRINGS = NO;
				SWIFT_VERSION = 5.0;
				TARGETED_DEVICE_FAMILY = "1,2";
				TEST_TARGET_NAME = WhatFlower;
			};
			name = Release;
		};
/* End XCBuildConfiguration section */

/* Begin XCConfigurationList section */
		01A55C18276B6C6B0029CD67 /* Build configuration list for PBXProject "WhatFlower" */ = {
			isa = XCConfigurationList;
			buildConfigurations = (
				01A55C48276B6C6D0029CD67 /* Debug */,
				01A55C49276B6C6D0029CD67 /* Release */,
			);
			defaultConfigurationIsVisible = 0;
			defaultConfigurationName = Release;
		};
		01A55C4A276B6C6D0029CD67 /* Build configuration list for PBXNativeTarget "WhatFlower" */ = {
			isa = XCConfigurationList;
			buildConfigurations = (
				01A55C4B276B6C6D0029CD67 /* Debug */,
				01A55C4C276B6C6D0029CD67 /* Release */,
			);
			defaultConfigurationIsVisible = 0;
			defaultConfigurationName = Release;
		};
		01A55C4D276B6C6D0029CD67 /* Build configuration list for PBXNativeTarget "WhatFlowerTests" */ = {
			isa = XCConfigurationList;
			buildConfigurations = (
				01A55C4E276B6C6D0029CD67 /* Debug */,
				01A55C4F276B6C6D0029CD67 /* Release */,
			);
			defaultConfigurationIsVisible = 0;
			defaultConfigurationName = Release;
		};
		01A55C50276B6C6D0029CD67 /* Build configuration list for PBXNativeTarget "WhatFlowerUITests" */ = {
			isa = XCConfigurationList;
			buildConfigurations = (
				01A55C51276B6C6D0029CD67 /* Debug */,
				01A55C52276B6C6D0029CD67 /* Release */,
			);
			defaultConfigurationIsVisible = 0;
			defaultConfigurationName = Release;
		};
/* End XCConfigurationList section */

/* Begin XCVersionGroup section */
		01A55C29276B6C6B0029CD67 /* WhatFlower.xcdatamodeld */ = {
			isa = XCVersionGroup;
			children = (
				01A55C2A276B6C6B0029CD67 /* WhatFlower.xcdatamodel */,
			);
			currentVersion = 01A55C2A276B6C6B0029CD67 /* WhatFlower.xcdatamodel */;
			path = WhatFlower.xcdatamodeld;
			sourceTree = "<group>";
			versionGroupType = wrapper.xcdatamodel;
		};
/* End XCVersionGroup section */
	};
	rootObject = 01A55C15276B6C6B0029CD67 /* Project object */;
}
